// !$*UTF8*$!
{
	archiveVersion = 1;
	classes = {
	};
	objectVersion = 56;
	objects = {

/* Begin PBXBuildFile section */
		6DFE7607249BADF7BC4C196A /* libPods-MeliTestApp.a in Frameworks */ = {isa = PBXBuildFile; fileRef = 8190A7CB4388562B2A2B0BB6 /* libPods-MeliTestApp.a */; };
		8C5E11212A60CC770038A012 /* AppDelegate.swift in Sources */ = {isa = PBXBuildFile; fileRef = 8C5E11202A60CC770038A012 /* AppDelegate.swift */; };
		8C5E11232A60CC770038A012 /* SceneDelegate.swift in Sources */ = {isa = PBXBuildFile; fileRef = 8C5E11222A60CC770038A012 /* SceneDelegate.swift */; };
		8C5E112A2A60CC790038A012 /* Assets.xcassets in Resources */ = {isa = PBXBuildFile; fileRef = 8C5E11292A60CC790038A012 /* Assets.xcassets */; };
		8C5E112D2A60CC790038A012 /* LaunchScreen.storyboard in Resources */ = {isa = PBXBuildFile; fileRef = 8C5E112B2A60CC790038A012 /* LaunchScreen.storyboard */; };
		8C5E11382A60CC7A0038A012 /* MeliTestAppTests.swift in Sources */ = {isa = PBXBuildFile; fileRef = 8C5E11372A60CC7A0038A012 /* MeliTestAppTests.swift */; };
		8C5E11422A60CC7A0038A012 /* MeliTestAppUITests.swift in Sources */ = {isa = PBXBuildFile; fileRef = 8C5E11412A60CC7A0038A012 /* MeliTestAppUITests.swift */; };
		8C5E11442A60CC7A0038A012 /* MeliTestAppUITestsLaunchTests.swift in Sources */ = {isa = PBXBuildFile; fileRef = 8C5E11432A60CC7A0038A012 /* MeliTestAppUITestsLaunchTests.swift */; };
		8C5E11542A60D3040038A012 /* Product.swift in Sources */ = {isa = PBXBuildFile; fileRef = 8C5E11532A60D3040038A012 /* Product.swift */; };
		8C5E11632A60D4AA0038A012 /* ProductDataManager.swift in Sources */ = {isa = PBXBuildFile; fileRef = 8C5E11622A60D4AA0038A012 /* ProductDataManager.swift */; };
		8CCF79752A66A66200257CBA /* Query.swift in Sources */ = {isa = PBXBuildFile; fileRef = 8CCF79742A66A66100257CBA /* Query.swift */; };
		8CCF797A2A66AABC00257CBA /* SearchViewController.swift in Sources */ = {isa = PBXBuildFile; fileRef = 8CCF79792A66AABC00257CBA /* SearchViewController.swift */; };
		8CCF797E2A66AC5500257CBA /* SearchPresenter.swift in Sources */ = {isa = PBXBuildFile; fileRef = 8CCF797D2A66AC5500257CBA /* SearchPresenter.swift */; };
		8CCF79822A66B23700257CBA /* DetailViewController.swift in Sources */ = {isa = PBXBuildFile; fileRef = 8CCF79812A66B23700257CBA /* DetailViewController.swift */; };
		8CCF79852A66B24900257CBA /* DetailPresenter.swift in Sources */ = {isa = PBXBuildFile; fileRef = 8CCF79842A66B24900257CBA /* DetailPresenter.swift */; };
		8CCF798F2A6B582E00257CBA /* ProductTableViewCell.swift in Sources */ = {isa = PBXBuildFile; fileRef = 8CCF798E2A6B582E00257CBA /* ProductTableViewCell.swift */; };
		8CCF79932A6B72BF00257CBA /* UIImageView+URL.swift in Sources */ = {isa = PBXBuildFile; fileRef = 8CCF79922A6B72BF00257CBA /* UIImageView+URL.swift */; };
		8CCF79952A6B94AC00257CBA /* Double+PriceFormatter.swift in Sources */ = {isa = PBXBuildFile; fileRef = 8CCF79942A6B94AC00257CBA /* Double+PriceFormatter.swift */; };
		8CCF79972A6B9EA500257CBA /* MainNavigationController.swift in Sources */ = {isa = PBXBuildFile; fileRef = 8CCF79962A6B9EA500257CBA /* MainNavigationController.swift */; };
		8CCF799A2A6BA11F00257CBA /* Localizable.strings in Resources */ = {isa = PBXBuildFile; fileRef = 8CCF799C2A6BA11F00257CBA /* Localizable.strings */; };
		8CCF799E2A6BA18D00257CBA /* String+Localized.swift in Sources */ = {isa = PBXBuildFile; fileRef = 8CCF799D2A6BA18D00257CBA /* String+Localized.swift */; };
		8CCF79A12A6BA2CA00257CBA /* Colors.swift in Sources */ = {isa = PBXBuildFile; fileRef = 8CCF79A02A6BA2CA00257CBA /* Colors.swift */; };
		8CCF79A32A6BA68200257CBA /* MeliSearchBar.swift in Sources */ = {isa = PBXBuildFile; fileRef = 8CCF79A22A6BA68200257CBA /* MeliSearchBar.swift */; };
/* End PBXBuildFile section */

/* Begin PBXContainerItemProxy section */
		8C5E11342A60CC7A0038A012 /* PBXContainerItemProxy */ = {
			isa = PBXContainerItemProxy;
			containerPortal = 8C5E11152A60CC770038A012 /* Project object */;
			proxyType = 1;
			remoteGlobalIDString = 8C5E111C2A60CC770038A012;
			remoteInfo = MeliTestApp;
		};
		8C5E113E2A60CC7A0038A012 /* PBXContainerItemProxy */ = {
			isa = PBXContainerItemProxy;
			containerPortal = 8C5E11152A60CC770038A012 /* Project object */;
			proxyType = 1;
			remoteGlobalIDString = 8C5E111C2A60CC770038A012;
			remoteInfo = MeliTestApp;
		};
/* End PBXContainerItemProxy section */

/* Begin PBXFileReference section */
		2B27F6DFD630E0851CBBFE44 /* Pods-MeliTestApp.release.xcconfig */ = {isa = PBXFileReference; includeInIndex = 1; lastKnownFileType = text.xcconfig; name = "Pods-MeliTestApp.release.xcconfig"; path = "Target Support Files/Pods-MeliTestApp/Pods-MeliTestApp.release.xcconfig"; sourceTree = "<group>"; };
		8190A7CB4388562B2A2B0BB6 /* libPods-MeliTestApp.a */ = {isa = PBXFileReference; explicitFileType = archive.ar; includeInIndex = 0; path = "libPods-MeliTestApp.a"; sourceTree = BUILT_PRODUCTS_DIR; };
		8C5E111D2A60CC770038A012 /* MeliTestApp.app */ = {isa = PBXFileReference; explicitFileType = wrapper.application; includeInIndex = 0; path = MeliTestApp.app; sourceTree = BUILT_PRODUCTS_DIR; };
		8C5E11202A60CC770038A012 /* AppDelegate.swift */ = {isa = PBXFileReference; lastKnownFileType = sourcecode.swift; path = AppDelegate.swift; sourceTree = "<group>"; };
		8C5E11222A60CC770038A012 /* SceneDelegate.swift */ = {isa = PBXFileReference; lastKnownFileType = sourcecode.swift; path = SceneDelegate.swift; sourceTree = "<group>"; };
		8C5E11292A60CC790038A012 /* Assets.xcassets */ = {isa = PBXFileReference; lastKnownFileType = folder.assetcatalog; path = Assets.xcassets; sourceTree = "<group>"; };
		8C5E112C2A60CC790038A012 /* Base */ = {isa = PBXFileReference; lastKnownFileType = file.storyboard; name = Base; path = Base.lproj/LaunchScreen.storyboard; sourceTree = "<group>"; };
		8C5E112E2A60CC790038A012 /* Info.plist */ = {isa = PBXFileReference; lastKnownFileType = text.plist.xml; path = Info.plist; sourceTree = "<group>"; };
		8C5E11332A60CC7A0038A012 /* MeliTestAppTests.xctest */ = {isa = PBXFileReference; explicitFileType = wrapper.cfbundle; includeInIndex = 0; path = MeliTestAppTests.xctest; sourceTree = BUILT_PRODUCTS_DIR; };
		8C5E11372A60CC7A0038A012 /* MeliTestAppTests.swift */ = {isa = PBXFileReference; lastKnownFileType = sourcecode.swift; path = MeliTestAppTests.swift; sourceTree = "<group>"; };
		8C5E113D2A60CC7A0038A012 /* MeliTestAppUITests.xctest */ = {isa = PBXFileReference; explicitFileType = wrapper.cfbundle; includeInIndex = 0; path = MeliTestAppUITests.xctest; sourceTree = BUILT_PRODUCTS_DIR; };
		8C5E11412A60CC7A0038A012 /* MeliTestAppUITests.swift */ = {isa = PBXFileReference; lastKnownFileType = sourcecode.swift; path = MeliTestAppUITests.swift; sourceTree = "<group>"; };
		8C5E11432A60CC7A0038A012 /* MeliTestAppUITestsLaunchTests.swift */ = {isa = PBXFileReference; lastKnownFileType = sourcecode.swift; path = MeliTestAppUITestsLaunchTests.swift; sourceTree = "<group>"; };
		8C5E11532A60D3040038A012 /* Product.swift */ = {isa = PBXFileReference; lastKnownFileType = sourcecode.swift; path = Product.swift; sourceTree = "<group>"; };
		8C5E11622A60D4AA0038A012 /* ProductDataManager.swift */ = {isa = PBXFileReference; lastKnownFileType = sourcecode.swift; path = ProductDataManager.swift; sourceTree = "<group>"; };
		8CCF79742A66A66100257CBA /* Query.swift */ = {isa = PBXFileReference; lastKnownFileType = sourcecode.swift; path = Query.swift; sourceTree = "<group>"; };
		8CCF79792A66AABC00257CBA /* SearchViewController.swift */ = {isa = PBXFileReference; lastKnownFileType = sourcecode.swift; path = SearchViewController.swift; sourceTree = "<group>"; };
		8CCF797D2A66AC5500257CBA /* SearchPresenter.swift */ = {isa = PBXFileReference; lastKnownFileType = sourcecode.swift; path = SearchPresenter.swift; sourceTree = "<group>"; };
		8CCF79812A66B23700257CBA /* DetailViewController.swift */ = {isa = PBXFileReference; lastKnownFileType = sourcecode.swift; path = DetailViewController.swift; sourceTree = "<group>"; };
		8CCF79842A66B24900257CBA /* DetailPresenter.swift */ = {isa = PBXFileReference; lastKnownFileType = sourcecode.swift; path = DetailPresenter.swift; sourceTree = "<group>"; };
		8CCF798E2A6B582E00257CBA /* ProductTableViewCell.swift */ = {isa = PBXFileReference; lastKnownFileType = sourcecode.swift; path = ProductTableViewCell.swift; sourceTree = "<group>"; };
		8CCF79922A6B72BF00257CBA /* UIImageView+URL.swift */ = {isa = PBXFileReference; lastKnownFileType = sourcecode.swift; path = "UIImageView+URL.swift"; sourceTree = "<group>"; };
		8CCF79942A6B94AC00257CBA /* Double+PriceFormatter.swift */ = {isa = PBXFileReference; lastKnownFileType = sourcecode.swift; path = "Double+PriceFormatter.swift"; sourceTree = "<group>"; };
		8CCF79962A6B9EA500257CBA /* MainNavigationController.swift */ = {isa = PBXFileReference; lastKnownFileType = sourcecode.swift; path = MainNavigationController.swift; sourceTree = "<group>"; };
		8CCF799B2A6BA11F00257CBA /* en */ = {isa = PBXFileReference; lastKnownFileType = text.plist.strings; name = en; path = en.lproj/Localizable.strings; sourceTree = "<group>"; };
		8CCF799D2A6BA18D00257CBA /* String+Localized.swift */ = {isa = PBXFileReference; lastKnownFileType = sourcecode.swift; path = "String+Localized.swift"; sourceTree = "<group>"; };
		8CCF79A02A6BA2CA00257CBA /* Colors.swift */ = {isa = PBXFileReference; lastKnownFileType = sourcecode.swift; path = Colors.swift; sourceTree = "<group>"; };
		8CCF79A22A6BA68200257CBA /* MeliSearchBar.swift */ = {isa = PBXFileReference; lastKnownFileType = sourcecode.swift; path = MeliSearchBar.swift; sourceTree = "<group>"; };
		E809F9F836D4597AD291D070 /* Pods-MeliTestApp.debug.xcconfig */ = {isa = PBXFileReference; includeInIndex = 1; lastKnownFileType = text.xcconfig; name = "Pods-MeliTestApp.debug.xcconfig"; path = "Target Support Files/Pods-MeliTestApp/Pods-MeliTestApp.debug.xcconfig"; sourceTree = "<group>"; };
/* End PBXFileReference section */

/* Begin PBXFrameworksBuildPhase section */
		8C5E111A2A60CC770038A012 /* Frameworks */ = {
			isa = PBXFrameworksBuildPhase;
			buildActionMask = 2147483647;
			files = (
				6DFE7607249BADF7BC4C196A /* libPods-MeliTestApp.a in Frameworks */,
			);
			runOnlyForDeploymentPostprocessing = 0;
		};
		8C5E11302A60CC7A0038A012 /* Frameworks */ = {
			isa = PBXFrameworksBuildPhase;
			buildActionMask = 2147483647;
			files = (
			);
			runOnlyForDeploymentPostprocessing = 0;
		};
		8C5E113A2A60CC7A0038A012 /* Frameworks */ = {
			isa = PBXFrameworksBuildPhase;
			buildActionMask = 2147483647;
			files = (
			);
			runOnlyForDeploymentPostprocessing = 0;
		};
/* End PBXFrameworksBuildPhase section */

/* Begin PBXGroup section */
		6996DF04E79A62B887ABA2D3 /* Frameworks */ = {
			isa = PBXGroup;
			children = (
				8190A7CB4388562B2A2B0BB6 /* libPods-MeliTestApp.a */,
			);
			name = Frameworks;
			sourceTree = "<group>";
		};
		8C5E11142A60CC770038A012 = {
			isa = PBXGroup;
			children = (
				8C5E111F2A60CC770038A012 /* MeliTestApp */,
				8C5E11362A60CC7A0038A012 /* MeliTestAppTests */,
				8C5E11402A60CC7A0038A012 /* MeliTestAppUITests */,
				8C5E111E2A60CC770038A012 /* Products */,
				F7F0635FB6C3E5073FB95E98 /* Pods */,
				6996DF04E79A62B887ABA2D3 /* Frameworks */,
			);
			sourceTree = "<group>";
		};
		8C5E111E2A60CC770038A012 /* Products */ = {
			isa = PBXGroup;
			children = (
				8C5E111D2A60CC770038A012 /* MeliTestApp.app */,
				8C5E11332A60CC7A0038A012 /* MeliTestAppTests.xctest */,
				8C5E113D2A60CC7A0038A012 /* MeliTestAppUITests.xctest */,
			);
			name = Products;
			sourceTree = "<group>";
		};
		8C5E111F2A60CC770038A012 /* MeliTestApp */ = {
			isa = PBXGroup;
			children = (
				8CCF79902A6B72A500257CBA /* Common */,
				8CCF79762A66AA7600257CBA /* Scenes */,
				8C5E11502A60CDF20038A012 /* Models */,
				8C5E11612A60D4910038A012 /* Services */,
				8C5E11202A60CC770038A012 /* AppDelegate.swift */,
				8C5E11222A60CC770038A012 /* SceneDelegate.swift */,
				8C5E11292A60CC790038A012 /* Assets.xcassets */,
				8C5E112B2A60CC790038A012 /* LaunchScreen.storyboard */,
				8C5E112E2A60CC790038A012 /* Info.plist */,
				8CCF79962A6B9EA500257CBA /* MainNavigationController.swift */,
				8CCF799C2A6BA11F00257CBA /* Localizable.strings */,
			);
			path = MeliTestApp;
			sourceTree = "<group>";
		};
		8C5E11362A60CC7A0038A012 /* MeliTestAppTests */ = {
			isa = PBXGroup;
			children = (
				8C5E11372A60CC7A0038A012 /* MeliTestAppTests.swift */,
			);
			path = MeliTestAppTests;
			sourceTree = "<group>";
		};
		8C5E11402A60CC7A0038A012 /* MeliTestAppUITests */ = {
			isa = PBXGroup;
			children = (
				8C5E11412A60CC7A0038A012 /* MeliTestAppUITests.swift */,
				8C5E11432A60CC7A0038A012 /* MeliTestAppUITestsLaunchTests.swift */,
			);
			path = MeliTestAppUITests;
			sourceTree = "<group>";
		};
		8C5E11502A60CDF20038A012 /* Models */ = {
			isa = PBXGroup;
			children = (
				8C5E11532A60D3040038A012 /* Product.swift */,
				8CCF79742A66A66100257CBA /* Query.swift */,
			);
			path = Models;
			sourceTree = "<group>";
		};
		8C5E11612A60D4910038A012 /* Services */ = {
			isa = PBXGroup;
			children = (
				8C5E11622A60D4AA0038A012 /* ProductDataManager.swift */,
			);
			path = Services;
			sourceTree = "<group>";
		};
		8CCF79762A66AA7600257CBA /* Scenes */ = {
			isa = PBXGroup;
			children = (
				8CCF797F2A66B22200257CBA /* Detail */,
				8CCF79782A66AAA700257CBA /* Search */,
			);
			path = Scenes;
			sourceTree = "<group>";
		};
		8CCF79782A66AAA700257CBA /* Search */ = {
			isa = PBXGroup;
			children = (
				8CCF797C2A66AB5B00257CBA /* Presentation */,
				8CCF797B2A66AB5400257CBA /* UI */,
			);
			path = Search;
			sourceTree = "<group>";
		};
		8CCF797B2A66AB5400257CBA /* UI */ = {
			isa = PBXGroup;
			children = (
				8CCF79792A66AABC00257CBA /* SearchViewController.swift */,
				8CCF798E2A6B582E00257CBA /* ProductTableViewCell.swift */,
				8CCF79A22A6BA68200257CBA /* MeliSearchBar.swift */,
			);
			path = UI;
			sourceTree = "<group>";
		};
		8CCF797C2A66AB5B00257CBA /* Presentation */ = {
			isa = PBXGroup;
			children = (
				8CCF797D2A66AC5500257CBA /* SearchPresenter.swift */,
			);
			path = Presentation;
			sourceTree = "<group>";
		};
		8CCF797F2A66B22200257CBA /* Detail */ = {
			isa = PBXGroup;
			children = (
				8CCF79832A66B23D00257CBA /* Presentation */,
				8CCF79802A66B22A00257CBA /* UI */,
			);
			path = Detail;
			sourceTree = "<group>";
		};
		8CCF79802A66B22A00257CBA /* UI */ = {
			isa = PBXGroup;
			children = (
				8CCF79812A66B23700257CBA /* DetailViewController.swift */,
			);
			path = UI;
			sourceTree = "<group>";
		};
		8CCF79832A66B23D00257CBA /* Presentation */ = {
			isa = PBXGroup;
			children = (
				8CCF79842A66B24900257CBA /* DetailPresenter.swift */,
			);
			path = Presentation;
			sourceTree = "<group>";
		};
		8CCF79902A6B72A500257CBA /* Common */ = {
			isa = PBXGroup;
			children = (
				8CCF799F2A6BA2BC00257CBA /* Resources */,
				8CCF79912A6B72AE00257CBA /* Extensions */,
			);
			path = Common;
			sourceTree = "<group>";
		};
		8CCF79912A6B72AE00257CBA /* Extensions */ = {
			isa = PBXGroup;
			children = (
				8CCF79922A6B72BF00257CBA /* UIImageView+URL.swift */,
				8CCF79942A6B94AC00257CBA /* Double+PriceFormatter.swift */,
				8CCF799D2A6BA18D00257CBA /* String+Localized.swift */,
			);
			path = Extensions;
			sourceTree = "<group>";
		};
		8CCF799F2A6BA2BC00257CBA /* Resources */ = {
			isa = PBXGroup;
			children = (
				8CCF79A02A6BA2CA00257CBA /* Colors.swift */,
			);
			path = Resources;
			sourceTree = "<group>";
		};
		F7F0635FB6C3E5073FB95E98 /* Pods */ = {
			isa = PBXGroup;
			children = (
				E809F9F836D4597AD291D070 /* Pods-MeliTestApp.debug.xcconfig */,
				2B27F6DFD630E0851CBBFE44 /* Pods-MeliTestApp.release.xcconfig */,
			);
			path = Pods;
			sourceTree = "<group>";
		};
/* End PBXGroup section */

/* Begin PBXNativeTarget section */
		8C5E111C2A60CC770038A012 /* MeliTestApp */ = {
			isa = PBXNativeTarget;
			buildConfigurationList = 8C5E11472A60CC7A0038A012 /* Build configuration list for PBXNativeTarget "MeliTestApp" */;
			buildPhases = (
				5CBFDB8D99263A044E69FCFC /* [CP] Check Pods Manifest.lock */,
				8C5E11192A60CC770038A012 /* Sources */,
				8C5E111A2A60CC770038A012 /* Frameworks */,
				8C5E111B2A60CC770038A012 /* Resources */,
			);
			buildRules = (
			);
			dependencies = (
			);
			name = MeliTestApp;
			productName = MeliTestApp;
			productReference = 8C5E111D2A60CC770038A012 /* MeliTestApp.app */;
			productType = "com.apple.product-type.application";
		};
		8C5E11322A60CC7A0038A012 /* MeliTestAppTests */ = {
			isa = PBXNativeTarget;
			buildConfigurationList = 8C5E114A2A60CC7A0038A012 /* Build configuration list for PBXNativeTarget "MeliTestAppTests" */;
			buildPhases = (
				8C5E112F2A60CC7A0038A012 /* Sources */,
				8C5E11302A60CC7A0038A012 /* Frameworks */,
				8C5E11312A60CC7A0038A012 /* Resources */,
			);
			buildRules = (
			);
			dependencies = (
				8C5E11352A60CC7A0038A012 /* PBXTargetDependency */,
			);
			name = MeliTestAppTests;
			productName = MeliTestAppTests;
			productReference = 8C5E11332A60CC7A0038A012 /* MeliTestAppTests.xctest */;
			productType = "com.apple.product-type.bundle.unit-test";
		};
		8C5E113C2A60CC7A0038A012 /* MeliTestAppUITests */ = {
			isa = PBXNativeTarget;
			buildConfigurationList = 8C5E114D2A60CC7A0038A012 /* Build configuration list for PBXNativeTarget "MeliTestAppUITests" */;
			buildPhases = (
				8C5E11392A60CC7A0038A012 /* Sources */,
				8C5E113A2A60CC7A0038A012 /* Frameworks */,
				8C5E113B2A60CC7A0038A012 /* Resources */,
			);
			buildRules = (
			);
			dependencies = (
				8C5E113F2A60CC7A0038A012 /* PBXTargetDependency */,
			);
			name = MeliTestAppUITests;
			productName = MeliTestAppUITests;
			productReference = 8C5E113D2A60CC7A0038A012 /* MeliTestAppUITests.xctest */;
			productType = "com.apple.product-type.bundle.ui-testing";
		};
/* End PBXNativeTarget section */

/* Begin PBXProject section */
		8C5E11152A60CC770038A012 /* Project object */ = {
			isa = PBXProject;
			attributes = {
				BuildIndependentTargetsInParallel = 1;
				LastSwiftUpdateCheck = 1430;
				LastUpgradeCheck = 1430;
				TargetAttributes = {
					8C5E111C2A60CC770038A012 = {
						CreatedOnToolsVersion = 14.3.1;
					};
					8C5E11322A60CC7A0038A012 = {
						CreatedOnToolsVersion = 14.3.1;
						TestTargetID = 8C5E111C2A60CC770038A012;
					};
					8C5E113C2A60CC7A0038A012 = {
						CreatedOnToolsVersion = 14.3.1;
						TestTargetID = 8C5E111C2A60CC770038A012;
					};
				};
			};
			buildConfigurationList = 8C5E11182A60CC770038A012 /* Build configuration list for PBXProject "MeliTestApp" */;
			compatibilityVersion = "Xcode 14.0";
			developmentRegion = en;
			hasScannedForEncodings = 0;
			knownRegions = (
				en,
				Base,
			);
			mainGroup = 8C5E11142A60CC770038A012;
			productRefGroup = 8C5E111E2A60CC770038A012 /* Products */;
			projectDirPath = "";
			projectRoot = "";
			targets = (
				8C5E111C2A60CC770038A012 /* MeliTestApp */,
				8C5E11322A60CC7A0038A012 /* MeliTestAppTests */,
				8C5E113C2A60CC7A0038A012 /* MeliTestAppUITests */,
			);
		};
/* End PBXProject section */

/* Begin PBXResourcesBuildPhase section */
		8C5E111B2A60CC770038A012 /* Resources */ = {
			isa = PBXResourcesBuildPhase;
			buildActionMask = 2147483647;
			files = (
				8C5E112D2A60CC790038A012 /* LaunchScreen.storyboard in Resources */,
				8CCF799A2A6BA11F00257CBA /* Localizable.strings in Resources */,
				8C5E112A2A60CC790038A012 /* Assets.xcassets in Resources */,
			);
			runOnlyForDeploymentPostprocessing = 0;
		};
		8C5E11312A60CC7A0038A012 /* Resources */ = {
			isa = PBXResourcesBuildPhase;
			buildActionMask = 2147483647;
			files = (
			);
			runOnlyForDeploymentPostprocessing = 0;
		};
		8C5E113B2A60CC7A0038A012 /* Resources */ = {
			isa = PBXResourcesBuildPhase;
			buildActionMask = 2147483647;
			files = (
			);
			runOnlyForDeploymentPostprocessing = 0;
		};
/* End PBXResourcesBuildPhase section */

/* Begin PBXShellScriptBuildPhase section */
		5CBFDB8D99263A044E69FCFC /* [CP] Check Pods Manifest.lock */ = {
			isa = PBXShellScriptBuildPhase;
			buildActionMask = 2147483647;
			files = (
			);
			inputFileListPaths = (
			);
			inputPaths = (
				"${PODS_PODFILE_DIR_PATH}/Podfile.lock",
				"${PODS_ROOT}/Manifest.lock",
			);
			name = "[CP] Check Pods Manifest.lock";
			outputFileListPaths = (
			);
			outputPaths = (
				"$(DERIVED_FILE_DIR)/Pods-MeliTestApp-checkManifestLockResult.txt",
			);
			runOnlyForDeploymentPostprocessing = 0;
			shellPath = /bin/sh;
			shellScript = "diff \"${PODS_PODFILE_DIR_PATH}/Podfile.lock\" \"${PODS_ROOT}/Manifest.lock\" > /dev/null\nif [ $? != 0 ] ; then\n    # print error to STDERR\n    echo \"error: The sandbox is not in sync with the Podfile.lock. Run 'pod install' or update your CocoaPods installation.\" >&2\n    exit 1\nfi\n# This output is used by Xcode 'outputs' to avoid re-running this script phase.\necho \"SUCCESS\" > \"${SCRIPT_OUTPUT_FILE_0}\"\n";
			showEnvVarsInLog = 0;
		};
/* End PBXShellScriptBuildPhase section */

/* Begin PBXSourcesBuildPhase section */
		8C5E11192A60CC770038A012 /* Sources */ = {
			isa = PBXSourcesBuildPhase;
			buildActionMask = 2147483647;
			files = (
				8CCF79A32A6BA68200257CBA /* MeliSearchBar.swift in Sources */,
				8C5E11632A60D4AA0038A012 /* ProductDataManager.swift in Sources */,
				8CCF79A12A6BA2CA00257CBA /* Colors.swift in Sources */,
				8CCF79752A66A66200257CBA /* Query.swift in Sources */,
				8CCF797E2A66AC5500257CBA /* SearchPresenter.swift in Sources */,
				8CCF797A2A66AABC00257CBA /* SearchViewController.swift in Sources */,
				8CCF799E2A6BA18D00257CBA /* String+Localized.swift in Sources */,
				8C5E11542A60D3040038A012 /* Product.swift in Sources */,
				8CCF79852A66B24900257CBA /* DetailPresenter.swift in Sources */,
				8CCF79822A66B23700257CBA /* DetailViewController.swift in Sources */,
				8CCF79952A6B94AC00257CBA /* Double+PriceFormatter.swift in Sources */,
				8CCF798F2A6B582E00257CBA /* ProductTableViewCell.swift in Sources */,
				8C5E11212A60CC770038A012 /* AppDelegate.swift in Sources */,
				8CCF79932A6B72BF00257CBA /* UIImageView+URL.swift in Sources */,
				8CCF79972A6B9EA500257CBA /* MainNavigationController.swift in Sources */,
				8C5E11232A60CC770038A012 /* SceneDelegate.swift in Sources */,
			);
			runOnlyForDeploymentPostprocessing = 0;
		};
		8C5E112F2A60CC7A0038A012 /* Sources */ = {
			isa = PBXSourcesBuildPhase;
			buildActionMask = 2147483647;
			files = (
				8C5E11382A60CC7A0038A012 /* MeliTestAppTests.swift in Sources */,
			);
			runOnlyForDeploymentPostprocessing = 0;
		};
		8C5E11392A60CC7A0038A012 /* Sources */ = {
			isa = PBXSourcesBuildPhase;
			buildActionMask = 2147483647;
			files = (
				8C5E11422A60CC7A0038A012 /* MeliTestAppUITests.swift in Sources */,
				8C5E11442A60CC7A0038A012 /* MeliTestAppUITestsLaunchTests.swift in Sources */,
			);
			runOnlyForDeploymentPostprocessing = 0;
		};
/* End PBXSourcesBuildPhase section */

/* Begin PBXTargetDependency section */
		8C5E11352A60CC7A0038A012 /* PBXTargetDependency */ = {
			isa = PBXTargetDependency;
			target = 8C5E111C2A60CC770038A012 /* MeliTestApp */;
			targetProxy = 8C5E11342A60CC7A0038A012 /* PBXContainerItemProxy */;
		};
		8C5E113F2A60CC7A0038A012 /* PBXTargetDependency */ = {
			isa = PBXTargetDependency;
			target = 8C5E111C2A60CC770038A012 /* MeliTestApp */;
			targetProxy = 8C5E113E2A60CC7A0038A012 /* PBXContainerItemProxy */;
		};
/* End PBXTargetDependency section */

/* Begin PBXVariantGroup section */
		8C5E112B2A60CC790038A012 /* LaunchScreen.storyboard */ = {
			isa = PBXVariantGroup;
			children = (
				8C5E112C2A60CC790038A012 /* Base */,
			);
			name = LaunchScreen.storyboard;
			sourceTree = "<group>";
		};
		8CCF799C2A6BA11F00257CBA /* Localizable.strings */ = {
			isa = PBXVariantGroup;
			children = (
				8CCF799B2A6BA11F00257CBA /* en */,
			);
			name = Localizable.strings;
			sourceTree = "<group>";
		};
/* End PBXVariantGroup section */

/* Begin XCBuildConfiguration section */
		8C5E11452A60CC7A0038A012 /* Debug */ = {
			isa = XCBuildConfiguration;
			buildSettings = {
				ALWAYS_SEARCH_USER_PATHS = NO;
				CLANG_ANALYZER_NONNULL = YES;
				CLANG_ANALYZER_NUMBER_OBJECT_CONVERSION = YES_AGGRESSIVE;
				CLANG_CXX_LANGUAGE_STANDARD = "gnu++20";
				CLANG_ENABLE_MODULES = YES;
				CLANG_ENABLE_OBJC_ARC = YES;
				CLANG_ENABLE_OBJC_WEAK = YES;
				CLANG_WARN_BLOCK_CAPTURE_AUTORELEASING = YES;
				CLANG_WARN_BOOL_CONVERSION = YES;
				CLANG_WARN_COMMA = YES;
				CLANG_WARN_CONSTANT_CONVERSION = YES;
				CLANG_WARN_DEPRECATED_OBJC_IMPLEMENTATIONS = YES;
				CLANG_WARN_DIRECT_OBJC_ISA_USAGE = YES_ERROR;
				CLANG_WARN_DOCUMENTATION_COMMENTS = YES;
				CLANG_WARN_EMPTY_BODY = YES;
				CLANG_WARN_ENUM_CONVERSION = YES;
				CLANG_WARN_INFINITE_RECURSION = YES;
				CLANG_WARN_INT_CONVERSION = YES;
				CLANG_WARN_NON_LITERAL_NULL_CONVERSION = YES;
				CLANG_WARN_OBJC_IMPLICIT_RETAIN_SELF = YES;
				CLANG_WARN_OBJC_LITERAL_CONVERSION = YES;
				CLANG_WARN_OBJC_ROOT_CLASS = YES_ERROR;
				CLANG_WARN_QUOTED_INCLUDE_IN_FRAMEWORK_HEADER = YES;
				CLANG_WARN_RANGE_LOOP_ANALYSIS = YES;
				CLANG_WARN_STRICT_PROTOTYPES = YES;
				CLANG_WARN_SUSPICIOUS_MOVE = YES;
				CLANG_WARN_UNGUARDED_AVAILABILITY = YES_AGGRESSIVE;
				CLANG_WARN_UNREACHABLE_CODE = YES;
				CLANG_WARN__DUPLICATE_METHOD_MATCH = YES;
				COPY_PHASE_STRIP = NO;
				DEBUG_INFORMATION_FORMAT = dwarf;
				ENABLE_STRICT_OBJC_MSGSEND = YES;
				ENABLE_TESTABILITY = YES;
				GCC_C_LANGUAGE_STANDARD = gnu11;
				GCC_DYNAMIC_NO_PIC = NO;
				GCC_NO_COMMON_BLOCKS = YES;
				GCC_OPTIMIZATION_LEVEL = 0;
				GCC_PREPROCESSOR_DEFINITIONS = (
					"DEBUG=1",
					"$(inherited)",
				);
				GCC_WARN_64_TO_32_BIT_CONVERSION = YES;
				GCC_WARN_ABOUT_RETURN_TYPE = YES_ERROR;
				GCC_WARN_UNDECLARED_SELECTOR = YES;
				GCC_WARN_UNINITIALIZED_AUTOS = YES_AGGRESSIVE;
				GCC_WARN_UNUSED_FUNCTION = YES;
				GCC_WARN_UNUSED_VARIABLE = YES;
				IPHONEOS_DEPLOYMENT_TARGET = 16.4;
				MTL_ENABLE_DEBUG_INFO = INCLUDE_SOURCE;
				MTL_FAST_MATH = YES;
				ONLY_ACTIVE_ARCH = YES;
				SDKROOT = iphoneos;
				SWIFT_ACTIVE_COMPILATION_CONDITIONS = DEBUG;
				SWIFT_OPTIMIZATION_LEVEL = "-Onone";
			};
			name = Debug;
		};
		8C5E11462A60CC7A0038A012 /* Release */ = {
			isa = XCBuildConfiguration;
			buildSettings = {
				ALWAYS_SEARCH_USER_PATHS = NO;
				CLANG_ANALYZER_NONNULL = YES;
				CLANG_ANALYZER_NUMBER_OBJECT_CONVERSION = YES_AGGRESSIVE;
				CLANG_CXX_LANGUAGE_STANDARD = "gnu++20";
				CLANG_ENABLE_MODULES = YES;
				CLANG_ENABLE_OBJC_ARC = YES;
				CLANG_ENABLE_OBJC_WEAK = YES;
				CLANG_WARN_BLOCK_CAPTURE_AUTORELEASING = YES;
				CLANG_WARN_BOOL_CONVERSION = YES;
				CLANG_WARN_COMMA = YES;
				CLANG_WARN_CONSTANT_CONVERSION = YES;
				CLANG_WARN_DEPRECATED_OBJC_IMPLEMENTATIONS = YES;
				CLANG_WARN_DIRECT_OBJC_ISA_USAGE = YES_ERROR;
				CLANG_WARN_DOCUMENTATION_COMMENTS = YES;
				CLANG_WARN_EMPTY_BODY = YES;
				CLANG_WARN_ENUM_CONVERSION = YES;
				CLANG_WARN_INFINITE_RECURSION = YES;
				CLANG_WARN_INT_CONVERSION = YES;
				CLANG_WARN_NON_LITERAL_NULL_CONVERSION = YES;
				CLANG_WARN_OBJC_IMPLICIT_RETAIN_SELF = YES;
				CLANG_WARN_OBJC_LITERAL_CONVERSION = YES;
				CLANG_WARN_OBJC_ROOT_CLASS = YES_ERROR;
				CLANG_WARN_QUOTED_INCLUDE_IN_FRAMEWORK_HEADER = YES;
				CLANG_WARN_RANGE_LOOP_ANALYSIS = YES;
				CLANG_WARN_STRICT_PROTOTYPES = YES;
				CLANG_WARN_SUSPICIOUS_MOVE = YES;
				CLANG_WARN_UNGUARDED_AVAILABILITY = YES_AGGRESSIVE;
				CLANG_WARN_UNREACHABLE_CODE = YES;
				CLANG_WARN__DUPLICATE_METHOD_MATCH = YES;
				COPY_PHASE_STRIP = NO;
				DEBUG_INFORMATION_FORMAT = "dwarf-with-dsym";
				ENABLE_NS_ASSERTIONS = NO;
				ENABLE_STRICT_OBJC_MSGSEND = YES;
				GCC_C_LANGUAGE_STANDARD = gnu11;
				GCC_NO_COMMON_BLOCKS = YES;
				GCC_WARN_64_TO_32_BIT_CONVERSION = YES;
				GCC_WARN_ABOUT_RETURN_TYPE = YES_ERROR;
				GCC_WARN_UNDECLARED_SELECTOR = YES;
				GCC_WARN_UNINITIALIZED_AUTOS = YES_AGGRESSIVE;
				GCC_WARN_UNUSED_FUNCTION = YES;
				GCC_WARN_UNUSED_VARIABLE = YES;
				IPHONEOS_DEPLOYMENT_TARGET = 16.4;
				MTL_ENABLE_DEBUG_INFO = NO;
				MTL_FAST_MATH = YES;
				SDKROOT = iphoneos;
				SWIFT_COMPILATION_MODE = wholemodule;
				SWIFT_OPTIMIZATION_LEVEL = "-O";
				VALIDATE_PRODUCT = YES;
			};
			name = Release;
		};
		8C5E11482A60CC7A0038A012 /* Debug */ = {
			isa = XCBuildConfiguration;
			baseConfigurationReference = E809F9F836D4597AD291D070 /* Pods-MeliTestApp.debug.xcconfig */;
			buildSettings = {
				ASSETCATALOG_COMPILER_APPICON_NAME = AppIcon;
				ASSETCATALOG_COMPILER_GLOBAL_ACCENT_COLOR_NAME = AccentColor;
				CODE_SIGN_STYLE = Automatic;
				CURRENT_PROJECT_VERSION = 1;
				DEVELOPMENT_TEAM = LFL7VXT583;
				GENERATE_INFOPLIST_FILE = YES;
				INFOPLIST_FILE = MeliTestApp/Info.plist;
				INFOPLIST_KEY_UIApplicationSupportsIndirectInputEvents = YES;
				INFOPLIST_KEY_UILaunchStoryboardName = LaunchScreen;
				INFOPLIST_KEY_UIMainStoryboardFile = "";
				INFOPLIST_KEY_UISupportedInterfaceOrientations_iPad = "UIInterfaceOrientationPortrait UIInterfaceOrientationPortraitUpsideDown UIInterfaceOrientationLandscapeLeft UIInterfaceOrientationLandscapeRight";
				INFOPLIST_KEY_UISupportedInterfaceOrientations_iPhone = "UIInterfaceOrientationPortrait UIInterfaceOrientationLandscapeLeft UIInterfaceOrientationLandscapeRight";
				LD_RUNPATH_SEARCH_PATHS = (
					"$(inherited)",
					"@executable_path/Frameworks",
				);
				MARKETING_VERSION = 1.0;
				PRODUCT_BUNDLE_IDENTIFIER = com.fernandofarias.MeliTestApp;
				PRODUCT_NAME = "$(TARGET_NAME)";
				SWIFT_EMIT_LOC_STRINGS = YES;
				SWIFT_VERSION = 5.0;
				TARGETED_DEVICE_FAMILY = "1,2";
			};
			name = Debug;
		};
		8C5E11492A60CC7A0038A012 /* Release */ = {
			isa = XCBuildConfiguration;
			baseConfigurationReference = 2B27F6DFD630E0851CBBFE44 /* Pods-MeliTestApp.release.xcconfig */;
			buildSettings = {
				ASSETCATALOG_COMPILER_APPICON_NAME = AppIcon;
				ASSETCATALOG_COMPILER_GLOBAL_ACCENT_COLOR_NAME = AccentColor;
				CODE_SIGN_STYLE = Automatic;
				CURRENT_PROJECT_VERSION = 1;
				DEVELOPMENT_TEAM = LFL7VXT583;
				GENERATE_INFOPLIST_FILE = YES;
				INFOPLIST_FILE = MeliTestApp/Info.plist;
				INFOPLIST_KEY_UIApplicationSupportsIndirectInputEvents = YES;
				INFOPLIST_KEY_UILaunchStoryboardName = LaunchScreen;
				INFOPLIST_KEY_UIMainStoryboardFile = "";
				INFOPLIST_KEY_UISupportedInterfaceOrientations_iPad = "UIInterfaceOrientationPortrait UIInterfaceOrientationPortraitUpsideDown UIInterfaceOrientationLandscapeLeft UIInterfaceOrientationLandscapeRight";
				INFOPLIST_KEY_UISupportedInterfaceOrientations_iPhone = "UIInterfaceOrientationPortrait UIInterfaceOrientationLandscapeLeft UIInterfaceOrientationLandscapeRight";
				LD_RUNPATH_SEARCH_PATHS = (
					"$(inherited)",
					"@executable_path/Frameworks",
				);
				MARKETING_VERSION = 1.0;
				PRODUCT_BUNDLE_IDENTIFIER = com.fernandofarias.MeliTestApp;
				PRODUCT_NAME = "$(TARGET_NAME)";
				SWIFT_EMIT_LOC_STRINGS = YES;
				SWIFT_VERSION = 5.0;
				TARGETED_DEVICE_FAMILY = "1,2";
			};
			name = Release;
		};
		8C5E114B2A60CC7A0038A012 /* Debug */ = {
			isa = XCBuildConfiguration;
			buildSettings = {
				ALWAYS_EMBED_SWIFT_STANDARD_LIBRARIES = YES;
				BUNDLE_LOADER = "$(TEST_HOST)";
				CODE_SIGN_STYLE = Automatic;
				CURRENT_PROJECT_VERSION = 1;
				DEVELOPMENT_TEAM = LFL7VXT583;
				GENERATE_INFOPLIST_FILE = YES;
				IPHONEOS_DEPLOYMENT_TARGET = 16.4;
				MARKETING_VERSION = 1.0;
				PRODUCT_BUNDLE_IDENTIFIER = com.fernandofarias.MeliTestAppTests;
				PRODUCT_NAME = "$(TARGET_NAME)";
				SWIFT_EMIT_LOC_STRINGS = NO;
				SWIFT_VERSION = 5.0;
				TARGETED_DEVICE_FAMILY = "1,2";
				TEST_HOST = "$(BUILT_PRODUCTS_DIR)/MeliTestApp.app/$(BUNDLE_EXECUTABLE_FOLDER_PATH)/MeliTestApp";
			};
			name = Debug;
		};
		8C5E114C2A60CC7A0038A012 /* Release */ = {
			isa = XCBuildConfiguration;
			buildSettings = {
				ALWAYS_EMBED_SWIFT_STANDARD_LIBRARIES = YES;
				BUNDLE_LOADER = "$(TEST_HOST)";
				CODE_SIGN_STYLE = Automatic;
				CURRENT_PROJECT_VERSION = 1;
				DEVELOPMENT_TEAM = LFL7VXT583;
				GENERATE_INFOPLIST_FILE = YES;
				IPHONEOS_DEPLOYMENT_TARGET = 16.4;
				MARKETING_VERSION = 1.0;
				PRODUCT_BUNDLE_IDENTIFIER = com.fernandofarias.MeliTestAppTests;
				PRODUCT_NAME = "$(TARGET_NAME)";
				SWIFT_EMIT_LOC_STRINGS = NO;
				SWIFT_VERSION = 5.0;
				TARGETED_DEVICE_FAMILY = "1,2";
				TEST_HOST = "$(BUILT_PRODUCTS_DIR)/MeliTestApp.app/$(BUNDLE_EXECUTABLE_FOLDER_PATH)/MeliTestApp";
			};
			name = Release;
		};
		8C5E114E2A60CC7A0038A012 /* Debug */ = {
			isa = XCBuildConfiguration;
			buildSettings = {
				ALWAYS_EMBED_SWIFT_STANDARD_LIBRARIES = YES;
				CODE_SIGN_STYLE = Automatic;
				CURRENT_PROJECT_VERSION = 1;
				DEVELOPMENT_TEAM = LFL7VXT583;
				GENERATE_INFOPLIST_FILE = YES;
				MARKETING_VERSION = 1.0;
				PRODUCT_BUNDLE_IDENTIFIER = com.fernandofarias.MeliTestAppUITests;
				PRODUCT_NAME = "$(TARGET_NAME)";
				SWIFT_EMIT_LOC_STRINGS = NO;
				SWIFT_VERSION = 5.0;
				TARGETED_DEVICE_FAMILY = "1,2";
				TEST_TARGET_NAME = MeliTestApp;
			};
			name = Debug;
		};
		8C5E114F2A60CC7A0038A012 /* Release */ = {
			isa = XCBuildConfiguration;
			buildSettings = {
				ALWAYS_EMBED_SWIFT_STANDARD_LIBRARIES = YES;
				CODE_SIGN_STYLE = Automatic;
				CURRENT_PROJECT_VERSION = 1;
				DEVELOPMENT_TEAM = LFL7VXT583;
				GENERATE_INFOPLIST_FILE = YES;
				MARKETING_VERSION = 1.0;
				PRODUCT_BUNDLE_IDENTIFIER = com.fernandofarias.MeliTestAppUITests;
				PRODUCT_NAME = "$(TARGET_NAME)";
				SWIFT_EMIT_LOC_STRINGS = NO;
				SWIFT_VERSION = 5.0;
				TARGETED_DEVICE_FAMILY = "1,2";
				TEST_TARGET_NAME = MeliTestApp;
			};
			name = Release;
		};
/* End XCBuildConfiguration section */

/* Begin XCConfigurationList section */
		8C5E11182A60CC770038A012 /* Build configuration list for PBXProject "MeliTestApp" */ = {
			isa = XCConfigurationList;
			buildConfigurations = (
				8C5E11452A60CC7A0038A012 /* Debug */,
				8C5E11462A60CC7A0038A012 /* Release */,
			);
			defaultConfigurationIsVisible = 0;
			defaultConfigurationName = Release;
		};
		8C5E11472A60CC7A0038A012 /* Build configuration list for PBXNativeTarget "MeliTestApp" */ = {
			isa = XCConfigurationList;
			buildConfigurations = (
				8C5E11482A60CC7A0038A012 /* Debug */,
				8C5E11492A60CC7A0038A012 /* Release */,
			);
			defaultConfigurationIsVisible = 0;
			defaultConfigurationName = Release;
		};
		8C5E114A2A60CC7A0038A012 /* Build configuration list for PBXNativeTarget "MeliTestAppTests" */ = {
			isa = XCConfigurationList;
			buildConfigurations = (
				8C5E114B2A60CC7A0038A012 /* Debug */,
				8C5E114C2A60CC7A0038A012 /* Release */,
			);
			defaultConfigurationIsVisible = 0;
			defaultConfigurationName = Release;
		};
		8C5E114D2A60CC7A0038A012 /* Build configuration list for PBXNativeTarget "MeliTestAppUITests" */ = {
			isa = XCConfigurationList;
			buildConfigurations = (
				8C5E114E2A60CC7A0038A012 /* Debug */,
				8C5E114F2A60CC7A0038A012 /* Release */,
			);
			defaultConfigurationIsVisible = 0;
			defaultConfigurationName = Release;
		};
/* End XCConfigurationList section */
	};
	rootObject = 8C5E11152A60CC770038A012 /* Project object */;
}
